{
  "name": "day4",
  "lockfileVersion": 3,
  "requires": true,
  "packages": {
    "": {
      "dependencies": {
        "shallow-equal": "^3.0.0"
      }
    },
    "node_modules/shallow-equal": {
      "version": "3.0.0",
      "resolved": "https://registry.npmjs.org/shallow-equal/-/shallow-equal-3.0.0.tgz",
      "integrity": "sha512-RQCWw09DuoLI8FSuACf3Pba1MJWCXMVXOuGQlZ5pmhxwq1KawCOIwggrIlUTtFyHkyc9aJMBb7nA4X19Tmv8qw=="
    }
  }
}
